
Microsoft Visual Studio Solution File, Format Version 12.00
# Visual Studio Version 17
VisualStudioVersion = 17.6.33829.357
MinimumVisualStudioVersion = 10.0.40219.1
Project("{FAE04EC0-301F-11D3-BF4B-00C04F79EFBC}") = "Compilador _clase", "Compilador _clase\Compilador _clase.csproj", "{61FC67D8-7C75-414F-B93F-C2F7974E701B}"
EndProject
Global
	GlobalSection(SolutionConfigurationPlatforms) = preSolution
		Debug|Any CPU = Debug|Any CPU
		Release|Any CPU = Release|Any CPU
	EndGlobalSection
	GlobalSection(ProjectConfigurationPlatforms) = postSolution
		{61FC67D8-7C75-414F-B93F-C2F7974E701B}.Debug|Any CPU.ActiveCfg = Debug|Any CPU
		{61FC67D8-7C75-414F-B93F-C2F7974E701B}.Debug|Any CPU.Build.0 = Debug|Any CPU
		{61FC67D8-7C75-414F-B93F-C2F7974E701B}.Release|Any CPU.ActiveCfg = Release|Any CPU
		{61FC67D8-7C75-414F-B93F-C2F7974E701B}.Release|Any CPU.Build.0 = Release|Any CPU
	EndGlobalSection
	GlobalSection(SolutionProperties) = preSolution
		HideSolutionNode = FALSE
	EndGlobalSection
	GlobalSection(ExtensibilityGlobals) = postSolution
		SolutionGuid = {3A44D2C6-0F9A-4B34-9A81-4B37CD55628F}
	EndGlobalSection
EndGlobal
